<?xml version="1.0" encoding="utf-8"?>
<Project ToolsVersion="4.0" xmlns="http://schemas.microsoft.com/developer/msbuild/2003">
  <ItemGroup>
    <Filter Include="Source Files">
      <UniqueIdentifier>{4FC737F1-C7A5-4376-A066-2A32D752A2FF}</UniqueIdentifier>
      <Extensions>cpp;c;cc;cxx;c++;cppm;ixx;def;odl;idl;hpj;bat;asm;asmx</Extensions>
    </Filter>
    <Filter Include="Header Files">
      <UniqueIdentifier>{93995380-89BD-4b04-88EB-625FBE52EBFB}</UniqueIdentifier>
      <Extensions>h;hh;hpp;hxx;h++;hm;inl;inc;ipp;xsd</Extensions>
    </Filter>
    <Filter Include="Resource Files">
      <UniqueIdentifier>{67DA6AB6-F800-4c08-8B7A-83BB121AAD01}</UniqueIdentifier>
      <Extensions>rc;ico;cur;bmp;dlg;rc2;rct;bin;rgs;gif;jpg;jpeg;jpe;resx;tiff;tif;png;wav;mfcribbon-ms</Extensions>
    </Filter>
  </ItemGroup>
  <ItemGroup>
    <ClInclude Include="Include\CS2\Interfaces\Manager.h">
      <Filter>Header Files</Filter>
    </ClInclude>
    <ClInclude Include="Include\CS2\Enums\TraceMasks.h">
      <Filter>Header Files</Filter>
    </ClInclude>
    <ClInclude Include="Include\CS2\Interfaces\CGameTraceManager.h">
      <Filter>Header Files</Filter>
    </ClInclude>
    <ClInclude Include="Include\CS2\SDK\C_CSPlayerPawn.h">
      <Filter>Header Files</Filter>
    </ClInclude>
    <ClInclude Include="Include\CS2\Interfaces\CGameResourceService.h">
      <Filter>Header Files</Filter>
    </ClInclude>
    <ClInclude Include="Include\CS2\Interfaces\CGameEntitySystem.h">
      <Filter>Header Files</Filter>
    </ClInclude>
    <ClInclude Include="Include\CS2\SDK\CCSPlayerController.h">
      <Filter>Header Files</Filter>
    </ClInclude>
    <ClInclude Include="Include\CS2\Interfaces\CCSGOInput.h">
      <Filter>Header Files</Filter>
    </ClInclude>
    <ClInclude Include="Include\CS2\Interfaces\Include.h">
      <Filter>Header Files</Filter>
    </ClInclude>
    <ClInclude Include="Include\CS2\Patterns.h">
      <Filter>Header Files</Filter>
    </ClInclude>
    <ClInclude Include="Include\Custom\GlobalTypes.hpp">
      <Filter>Header Files</Filter>
    </ClInclude>
    <ClInclude Include="Include\CS2\ExtendedSDK\client\C_CSPlayerPawn.h">
      <Filter>Header Files</Filter>
    </ClInclude>
    <ClInclude Include="Include\CS2\Interfaces\CMaterialSystem2.h">
      <Filter>Header Files</Filter>
    </ClInclude>
    <ClInclude Include="Include\CS2\ExtendedSDK\scenesystem\CAnimatableSceneObjectDesc.h">
      <Filter>Header Files</Filter>
    </ClInclude>
    <ClInclude Include="Include\CS2\ExtendedSDK\scenesystem\CBaseSceneData.h">
      <Filter>Header Files</Filter>
    </ClInclude>
    <ClInclude Include="Include\CS2\Interfaces\CUIEngineSource2.h">
      <Filter>Header Files</Filter>
    </ClInclude>
    <ClInclude Include="Include\CS2\Interfaces\CPanoramaUIEngine.h">
      <Filter>Header Files</Filter>
    </ClInclude>
    <ClInclude Include="Include\CS2\ExtendedSDK\resourcesystem\CModel_Imp.h">
      <Filter>Header Files</Filter>
    </ClInclude>
    <ClInclude Include="Include\CS2\ExtendedSDK\modellib\CRenderMesh.h">
      <Filter>Header Files</Filter>
    </ClInclude>
    <ClInclude Include="Include\CS2\Managers\CModelManager.h">
      <Filter>Header Files</Filter>
    </ClInclude>
    <ClInclude Include="Include\CS2\ExtendedSDK\client\CGameSceneNode.h">
      <Filter>Header Files</Filter>
    </ClInclude>
    <ClInclude Include="Include\CS2\Interfaces\CSchemaSystem.h">
      <Filter>Header Files</Filter>
    </ClInclude>
    <ClInclude Include="Include\CS2\Hooks\Client\CMsgQAngleCpyHook.h">
      <Filter>Header Files</Filter>
    </ClInclude>
    <ClInclude Include="Include\CS2\Panorama\CUI.h">
      <Filter>Header Files</Filter>
    </ClInclude>
  </ItemGroup>
  <ItemGroup>
    <ClCompile Include="Source\CS2\Interfaces\CGameTraceManager.cpp">
      <Filter>Source Files</Filter>
    </ClCompile>
    <ClCompile Include="Source\CS2\Interfaces\CGameResourceService.cpp">
      <Filter>Source Files</Filter>
    </ClCompile>
    <ClCompile Include="Source\CS2\Interfaces\CGameEntitySystem.cpp">
      <Filter>Source Files</Filter>
    </ClCompile>
    <ClCompile Include="Source\CS2\Interfaces\CCSGOInput.cpp">
      <Filter>Source Files</Filter>
    </ClCompile>
    <ClCompile Include="Source\CS2\ExtendedSDK\client\C_CSPlayerPawn.cpp">
      <Filter>Source Files</Filter>
    </ClCompile>
    <ClCompile Include="Source\CS2\Interfaces\CMaterialSystem2.cpp">
      <Filter>Source Files</Filter>
    </ClCompile>
    <ClCompile Include="Source\CS2\ExtendedSDK\scenesystem\CAnimatableSceneObjectDesc.cpp">
      <Filter>Source Files</Filter>
    </ClCompile>
    <ClCompile Include="Source\CS2\Interfaces\CUIEngineSource2.cpp">
      <Filter>Source Files</Filter>
    </ClCompile>
    <ClCompile Include="Source\CS2\Interfaces\CPanoramaUIEngine.cpp">
      <Filter>Source Files</Filter>
    </ClCompile>
    <ClCompile Include="Source\CS2\ExtendedSDK\resourcesystem\CModel_Imp.cpp">
      <Filter>Source Files</Filter>
    </ClCompile>
    <ClCompile Include="Source\CS2\ExtendedSDK\modellib\CRenderMesh.cpp">
      <Filter>Source Files</Filter>
    </ClCompile>
    <ClCompile Include="Source\CS2\Managers\CModelManager.cpp">
      <Filter>Source Files</Filter>
    </ClCompile>
    <ClCompile Include="Source\CS2\ExtendedSDK\client\CGameSceneNode.cpp">
      <Filter>Source Files</Filter>
    </ClCompile>
    <ClCompile Include="Source\CS2\Hooks\Client\CMsgQAngleCpyHook.cpp">
      <Filter>Source Files</Filter>
    </ClCompile>
    <ClCompile Include="Source\CS2\Panorama\CUI.cpp">
      <Filter>Source Files</Filter>
    </ClCompile>
  </ItemGroup>
</Project>